
Microsoft Visual Studio Solution File, Format Version 12.00
# Visual Studio Version 17
VisualStudioVersion = 17.6.33829.357
MinimumVisualStudioVersion = 10.0.40219.1
Project("{FAE04EC0-301F-11D3-BF4B-00C04F79EFBC}") = "dewey decimal app", "dewey decimal app\dewey decimal app.csproj", "{0E680BB4-65A2-477D-BCB3-3D1423D652AA}"
EndProject
Global
	GlobalSection(SolutionConfigurationPlatforms) = preSolution
		Debug|Any CPU = Debug|Any CPU
		Release|Any CPU = Release|Any CPU
	EndGlobalSection
	GlobalSection(ProjectConfigurationPlatforms) = postSolution
		{0E680BB4-65A2-477D-BCB3-3D1423D652AA}.Debug|Any CPU.ActiveCfg = Debug|Any CPU
		{0E680BB4-65A2-477D-BCB3-3D1423D652AA}.Debug|Any CPU.Build.0 = Debug|Any CPU
		{0E680BB4-65A2-477D-BCB3-3D1423D652AA}.Release|Any CPU.ActiveCfg = Release|Any CPU
		{0E680BB4-65A2-477D-BCB3-3D1423D652AA}.Release|Any CPU.Build.0 = Release|Any CPU
	EndGlobalSection
	GlobalSection(SolutionProperties) = preSolution
		HideSolutionNode = FALSE
	EndGlobalSection
	GlobalSection(ExtensibilityGlobals) = postSolution
		SolutionGuid = {5D30EAC9-31A8-4A01-A093-608C2782768E}
	EndGlobalSection
EndGlobal
